// !$*UTF8*$!
{
	archiveVersion = 1;
	classes = {
	};
	objectVersion = 56;
	objects = {

/* Begin PBXBuildFile section */
		630DA0832AAC672D005C3CC0 /* Movies.swift in Sources */ = {isa = PBXBuildFile; fileRef = 630DA0822AAC672D005C3CC0 /* Movies.swift */; };
		6381C1EA2AB9B22E009E6555 /* MoviesDatabase.swift in Sources */ = {isa = PBXBuildFile; fileRef = 6381C1E92AB9B22E009E6555 /* MoviesDatabase.swift */; };
		63905F312AB44E9A008E53C2 /* DetailsViewController.swift in Sources */ = {isa = PBXBuildFile; fileRef = 63905F302AB44E9A008E53C2 /* DetailsViewController.swift */; };
		639E8B102AA5E65200E45D45 /* AppDelegate.swift in Sources */ = {isa = PBXBuildFile; fileRef = 639E8B0F2AA5E65200E45D45 /* AppDelegate.swift */; };
		639E8B122AA5E65200E45D45 /* SceneDelegate.swift in Sources */ = {isa = PBXBuildFile; fileRef = 639E8B112AA5E65200E45D45 /* SceneDelegate.swift */; };
		639E8B142AA5E65200E45D45 /* ViewController.swift in Sources */ = {isa = PBXBuildFile; fileRef = 639E8B132AA5E65200E45D45 /* ViewController.swift */; };
		639E8B172AA5E65200E45D45 /* Main.storyboard in Resources */ = {isa = PBXBuildFile; fileRef = 639E8B152AA5E65200E45D45 /* Main.storyboard */; };
		639E8B1A2AA5E65200E45D45 /* MOVIE_WATCHLIST.xcdatamodeld in Sources */ = {isa = PBXBuildFile; fileRef = 639E8B182AA5E65200E45D45 /* MOVIE_WATCHLIST.xcdatamodeld */; };
		639E8B1C2AA5E65300E45D45 /* Assets.xcassets in Resources */ = {isa = PBXBuildFile; fileRef = 639E8B1B2AA5E65300E45D45 /* Assets.xcassets */; };
		639E8B1F2AA5E65300E45D45 /* LaunchScreen.storyboard in Resources */ = {isa = PBXBuildFile; fileRef = 639E8B1D2AA5E65300E45D45 /* LaunchScreen.storyboard */; };
		639E8B2A2AA5E65300E45D45 /* MOVIE_WATCHLISTTests.swift in Sources */ = {isa = PBXBuildFile; fileRef = 639E8B292AA5E65300E45D45 /* MOVIE_WATCHLISTTests.swift */; };
		639E8B342AA5E65300E45D45 /* MOVIE_WATCHLISTUITests.swift in Sources */ = {isa = PBXBuildFile; fileRef = 639E8B332AA5E65300E45D45 /* MOVIE_WATCHLISTUITests.swift */; };
		639E8B362AA5E65300E45D45 /* MOVIE_WATCHLISTUITestsLaunchTests.swift in Sources */ = {isa = PBXBuildFile; fileRef = 639E8B352AA5E65300E45D45 /* MOVIE_WATCHLISTUITestsLaunchTests.swift */; };
		639E8B452AA6159B00E45D45 /* MoviesCollection.xib in Resources */ = {isa = PBXBuildFile; fileRef = 639E8B442AA6159B00E45D45 /* MoviesCollection.xib */; };
		639E8B472AA6185400E45D45 /* MoviesCollection.swift in Sources */ = {isa = PBXBuildFile; fileRef = 639E8B462AA6185400E45D45 /* MoviesCollection.swift */; };
/* End PBXBuildFile section */

/* Begin PBXContainerItemProxy section */
		639E8B262AA5E65300E45D45 /* PBXContainerItemProxy */ = {
			isa = PBXContainerItemProxy;
			containerPortal = 639E8B042AA5E65200E45D45 /* Project object */;
			proxyType = 1;
			remoteGlobalIDString = 639E8B0B2AA5E65200E45D45;
			remoteInfo = "MOVIE WATCHLIST";
		};
		639E8B302AA5E65300E45D45 /* PBXContainerItemProxy */ = {
			isa = PBXContainerItemProxy;
			containerPortal = 639E8B042AA5E65200E45D45 /* Project object */;
			proxyType = 1;
			remoteGlobalIDString = 639E8B0B2AA5E65200E45D45;
			remoteInfo = "MOVIE WATCHLIST";
		};
/* End PBXContainerItemProxy section */

/* Begin PBXFileReference section */
		630DA0822AAC672D005C3CC0 /* Movies.swift */ = {isa = PBXFileReference; lastKnownFileType = sourcecode.swift; path = Movies.swift; sourceTree = "<group>"; };
		6381C1E92AB9B22E009E6555 /* MoviesDatabase.swift */ = {isa = PBXFileReference; lastKnownFileType = sourcecode.swift; path = MoviesDatabase.swift; sourceTree = "<group>"; };
		63905F302AB44E9A008E53C2 /* DetailsViewController.swift */ = {isa = PBXFileReference; lastKnownFileType = sourcecode.swift; path = DetailsViewController.swift; sourceTree = "<group>"; };
		639E8B0C2AA5E65200E45D45 /* MOVIE WATCHLIST.app */ = {isa = PBXFileReference; explicitFileType = wrapper.application; includeInIndex = 0; path = "MOVIE WATCHLIST.app"; sourceTree = BUILT_PRODUCTS_DIR; };
		639E8B0F2AA5E65200E45D45 /* AppDelegate.swift */ = {isa = PBXFileReference; lastKnownFileType = sourcecode.swift; path = AppDelegate.swift; sourceTree = "<group>"; };
		639E8B112AA5E65200E45D45 /* SceneDelegate.swift */ = {isa = PBXFileReference; lastKnownFileType = sourcecode.swift; path = SceneDelegate.swift; sourceTree = "<group>"; };
		639E8B132AA5E65200E45D45 /* ViewController.swift */ = {isa = PBXFileReference; lastKnownFileType = sourcecode.swift; path = ViewController.swift; sourceTree = "<group>"; };
		639E8B162AA5E65200E45D45 /* Base */ = {isa = PBXFileReference; lastKnownFileType = file.storyboard; name = Base; path = Base.lproj/Main.storyboard; sourceTree = "<group>"; };
		639E8B192AA5E65200E45D45 /* MOVIE_WATCHLIST.xcdatamodel */ = {isa = PBXFileReference; lastKnownFileType = wrapper.xcdatamodel; path = MOVIE_WATCHLIST.xcdatamodel; sourceTree = "<group>"; };
		639E8B1B2AA5E65300E45D45 /* Assets.xcassets */ = {isa = PBXFileReference; lastKnownFileType = folder.assetcatalog; path = Assets.xcassets; sourceTree = "<group>"; };
		639E8B1E2AA5E65300E45D45 /* Base */ = {isa = PBXFileReference; lastKnownFileType = file.storyboard; name = Base; path = Base.lproj/LaunchScreen.storyboard; sourceTree = "<group>"; };
		639E8B202AA5E65300E45D45 /* Info.plist */ = {isa = PBXFileReference; lastKnownFileType = text.plist.xml; path = Info.plist; sourceTree = "<group>"; };
		639E8B252AA5E65300E45D45 /* MOVIE WATCHLISTTests.xctest */ = {isa = PBXFileReference; explicitFileType = wrapper.cfbundle; includeInIndex = 0; path = "MOVIE WATCHLISTTests.xctest"; sourceTree = BUILT_PRODUCTS_DIR; };
		639E8B292AA5E65300E45D45 /* MOVIE_WATCHLISTTests.swift */ = {isa = PBXFileReference; lastKnownFileType = sourcecode.swift; path = MOVIE_WATCHLISTTests.swift; sourceTree = "<group>"; };
		639E8B2F2AA5E65300E45D45 /* MOVIE WATCHLISTUITests.xctest */ = {isa = PBXFileReference; explicitFileType = wrapper.cfbundle; includeInIndex = 0; path = "MOVIE WATCHLISTUITests.xctest"; sourceTree = BUILT_PRODUCTS_DIR; };
		639E8B332AA5E65300E45D45 /* MOVIE_WATCHLISTUITests.swift */ = {isa = PBXFileReference; lastKnownFileType = sourcecode.swift; path = MOVIE_WATCHLISTUITests.swift; sourceTree = "<group>"; };
		639E8B352AA5E65300E45D45 /* MOVIE_WATCHLISTUITestsLaunchTests.swift */ = {isa = PBXFileReference; lastKnownFileType = sourcecode.swift; path = MOVIE_WATCHLISTUITestsLaunchTests.swift; sourceTree = "<group>"; };
		639E8B442AA6159B00E45D45 /* MoviesCollection.xib */ = {isa = PBXFileReference; lastKnownFileType = file.xib; path = MoviesCollection.xib; sourceTree = "<group>"; };
		639E8B462AA6185400E45D45 /* MoviesCollection.swift */ = {isa = PBXFileReference; lastKnownFileType = sourcecode.swift; path = MoviesCollection.swift; sourceTree = "<group>"; };
/* End PBXFileReference section */

/* Begin PBXFrameworksBuildPhase section */
		639E8B092AA5E65200E45D45 /* Frameworks */ = {
			isa = PBXFrameworksBuildPhase;
			buildActionMask = 2147483647;
			files = (
			);
			runOnlyForDeploymentPostprocessing = 0;
		};
		639E8B222AA5E65300E45D45 /* Frameworks */ = {
			isa = PBXFrameworksBuildPhase;
			buildActionMask = 2147483647;
			files = (
			);
			runOnlyForDeploymentPostprocessing = 0;
		};
		639E8B2C2AA5E65300E45D45 /* Frameworks */ = {
			isa = PBXFrameworksBuildPhase;
			buildActionMask = 2147483647;
			files = (
			);
			runOnlyForDeploymentPostprocessing = 0;
		};
/* End PBXFrameworksBuildPhase section */

/* Begin PBXGroup section */
		63905F2C2AB44BAE008E53C2 /* Controller */ = {
			isa = PBXGroup;
			children = (
				639E8B132AA5E65200E45D45 /* ViewController.swift */,
				63905F302AB44E9A008E53C2 /* DetailsViewController.swift */,
			);
			path = Controller;
			sourceTree = "<group>";
		};
		639E8B032AA5E65200E45D45 = {
			isa = PBXGroup;
			children = (
				639E8B0E2AA5E65200E45D45 /* MOVIE WATCHLIST */,
				639E8B282AA5E65300E45D45 /* MOVIE WATCHLISTTests */,
				639E8B322AA5E65300E45D45 /* MOVIE WATCHLISTUITests */,
				639E8B0D2AA5E65200E45D45 /* Products */,
			);
			sourceTree = "<group>";
		};
		639E8B0D2AA5E65200E45D45 /* Products */ = {
			isa = PBXGroup;
			children = (
				639E8B0C2AA5E65200E45D45 /* MOVIE WATCHLIST.app */,
				639E8B252AA5E65300E45D45 /* MOVIE WATCHLISTTests.xctest */,
				639E8B2F2AA5E65300E45D45 /* MOVIE WATCHLISTUITests.xctest */,
			);
			name = Products;
			sourceTree = "<group>";
		};
		639E8B0E2AA5E65200E45D45 /* MOVIE WATCHLIST */ = {
			isa = PBXGroup;
			children = (
				63905F2C2AB44BAE008E53C2 /* Controller */,
				639E8B432AA614B200E45D45 /* View */,
				639E8B422AA6149600E45D45 /* Model */,
				639E8B0F2AA5E65200E45D45 /* AppDelegate.swift */,
				639E8B112AA5E65200E45D45 /* SceneDelegate.swift */,
				639E8B1B2AA5E65300E45D45 /* Assets.xcassets */,
				639E8B1D2AA5E65300E45D45 /* LaunchScreen.storyboard */,
				639E8B202AA5E65300E45D45 /* Info.plist */,
				639E8B182AA5E65200E45D45 /* MOVIE_WATCHLIST.xcdatamodeld */,
			);
			path = "MOVIE WATCHLIST";
			sourceTree = "<group>";
		};
		639E8B282AA5E65300E45D45 /* MOVIE WATCHLISTTests */ = {
			isa = PBXGroup;
			children = (
				639E8B292AA5E65300E45D45 /* MOVIE_WATCHLISTTests.swift */,
			);
			path = "MOVIE WATCHLISTTests";
			sourceTree = "<group>";
		};
		639E8B322AA5E65300E45D45 /* MOVIE WATCHLISTUITests */ = {
			isa = PBXGroup;
			children = (
				639E8B332AA5E65300E45D45 /* MOVIE_WATCHLISTUITests.swift */,
				639E8B352AA5E65300E45D45 /* MOVIE_WATCHLISTUITestsLaunchTests.swift */,
			);
			path = "MOVIE WATCHLISTUITests";
			sourceTree = "<group>";
		};
		639E8B422AA6149600E45D45 /* Model */ = {
			isa = PBXGroup;
			children = (
				630DA0822AAC672D005C3CC0 /* Movies.swift */,
				6381C1E92AB9B22E009E6555 /* MoviesDatabase.swift */,
			);
			path = Model;
			sourceTree = "<group>";
		};
		639E8B432AA614B200E45D45 /* View */ = {
			isa = PBXGroup;
			children = (
				639E8B442AA6159B00E45D45 /* MoviesCollection.xib */,
				639E8B462AA6185400E45D45 /* MoviesCollection.swift */,
				639E8B152AA5E65200E45D45 /* Main.storyboard */,
			);
			path = View;
			sourceTree = "<group>";
		};
/* End PBXGroup section */

/* Begin PBXNativeTarget section */
		639E8B0B2AA5E65200E45D45 /* MOVIE WATCHLIST */ = {
			isa = PBXNativeTarget;
			buildConfigurationList = 639E8B392AA5E65300E45D45 /* Build configuration list for PBXNativeTarget "MOVIE WATCHLIST" */;
			buildPhases = (
				639E8B082AA5E65200E45D45 /* Sources */,
				639E8B092AA5E65200E45D45 /* Frameworks */,
				639E8B0A2AA5E65200E45D45 /* Resources */,
			);
			buildRules = (
			);
			dependencies = (
			);
			name = "MOVIE WATCHLIST";
			productName = "MOVIE WATCHLIST";
			productReference = 639E8B0C2AA5E65200E45D45 /* MOVIE WATCHLIST.app */;
			productType = "com.apple.product-type.application";
		};
		639E8B242AA5E65300E45D45 /* MOVIE WATCHLISTTests */ = {
			isa = PBXNativeTarget;
			buildConfigurationList = 639E8B3C2AA5E65300E45D45 /* Build configuration list for PBXNativeTarget "MOVIE WATCHLISTTests" */;
			buildPhases = (
				639E8B212AA5E65300E45D45 /* Sources */,
				639E8B222AA5E65300E45D45 /* Frameworks */,
				639E8B232AA5E65300E45D45 /* Resources */,
			);
			buildRules = (
			);
			dependencies = (
				639E8B272AA5E65300E45D45 /* PBXTargetDependency */,
			);
			name = "MOVIE WATCHLISTTests";
			productName = "MOVIE WATCHLISTTests";
			productReference = 639E8B252AA5E65300E45D45 /* MOVIE WATCHLISTTests.xctest */;
			productType = "com.apple.product-type.bundle.unit-test";
		};
		639E8B2E2AA5E65300E45D45 /* MOVIE WATCHLISTUITests */ = {
			isa = PBXNativeTarget;
			buildConfigurationList = 639E8B3F2AA5E65300E45D45 /* Build configuration list for PBXNativeTarget "MOVIE WATCHLISTUITests" */;
			buildPhases = (
				639E8B2B2AA5E65300E45D45 /* Sources */,
				639E8B2C2AA5E65300E45D45 /* Frameworks */,
				639E8B2D2AA5E65300E45D45 /* Resources */,
			);
			buildRules = (
			);
			dependencies = (
				639E8B312AA5E65300E45D45 /* PBXTargetDependency */,
			);
			name = "MOVIE WATCHLISTUITests";
			productName = "MOVIE WATCHLISTUITests";
			productReference = 639E8B2F2AA5E65300E45D45 /* MOVIE WATCHLISTUITests.xctest */;
			productType = "com.apple.product-type.bundle.ui-testing";
		};
/* End PBXNativeTarget section */

/* Begin PBXProject section */
		639E8B042AA5E65200E45D45 /* Project object */ = {
			isa = PBXProject;
			attributes = {
				BuildIndependentTargetsInParallel = 1;
				LastSwiftUpdateCheck = 1430;
				LastUpgradeCheck = 1430;
				TargetAttributes = {
					639E8B0B2AA5E65200E45D45 = {
						CreatedOnToolsVersion = 14.3.1;
					};
					639E8B242AA5E65300E45D45 = {
						CreatedOnToolsVersion = 14.3.1;
						TestTargetID = 639E8B0B2AA5E65200E45D45;
					};
					639E8B2E2AA5E65300E45D45 = {
						CreatedOnToolsVersion = 14.3.1;
						TestTargetID = 639E8B0B2AA5E65200E45D45;
					};
				};
			};
			buildConfigurationList = 639E8B072AA5E65200E45D45 /* Build configuration list for PBXProject "MOVIE WATCHLIST" */;
			compatibilityVersion = "Xcode 14.0";
			developmentRegion = en;
			hasScannedForEncodings = 0;
			knownRegions = (
				en,
				Base,
			);
			mainGroup = 639E8B032AA5E65200E45D45;
			productRefGroup = 639E8B0D2AA5E65200E45D45 /* Products */;
			projectDirPath = "";
			projectRoot = "";
			targets = (
				639E8B0B2AA5E65200E45D45 /* MOVIE WATCHLIST */,
				639E8B242AA5E65300E45D45 /* MOVIE WATCHLISTTests */,
				639E8B2E2AA5E65300E45D45 /* MOVIE WATCHLISTUITests */,
			);
		};
/* End PBXProject section */

/* Begin PBXResourcesBuildPhase section */
		639E8B0A2AA5E65200E45D45 /* Resources */ = {
			isa = PBXResourcesBuildPhase;
			buildActionMask = 2147483647;
			files = (
				639E8B452AA6159B00E45D45 /* MoviesCollection.xib in Resources */,
				639E8B1F2AA5E65300E45D45 /* LaunchScreen.storyboard in Resources */,
				639E8B1C2AA5E65300E45D45 /* Assets.xcassets in Resources */,
				639E8B172AA5E65200E45D45 /* Main.storyboard in Resources */,
			);
			runOnlyForDeploymentPostprocessing = 0;
		};
		639E8B232AA5E65300E45D45 /* Resources */ = {
			isa = PBXResourcesBuildPhase;
			buildActionMask = 2147483647;
			files = (
			);
			runOnlyForDeploymentPostprocessing = 0;
		};
		639E8B2D2AA5E65300E45D45 /* Resources */ = {
			isa = PBXResourcesBuildPhase;
			buildActionMask = 2147483647;
			files = (
			);
			runOnlyForDeploymentPostprocessing = 0;
		};
/* End PBXResourcesBuildPhase section */

/* Begin PBXSourcesBuildPhase section */
		639E8B082AA5E65200E45D45 /* Sources */ = {
			isa = PBXSourcesBuildPhase;
			buildActionMask = 2147483647;
			files = (
				639E8B142AA5E65200E45D45 /* ViewController.swift in Sources */,
				630DA0832AAC672D005C3CC0 /* Movies.swift in Sources */,
				63905F312AB44E9A008E53C2 /* DetailsViewController.swift in Sources */,
				6381C1EA2AB9B22E009E6555 /* MoviesDatabase.swift in Sources */,
				639E8B102AA5E65200E45D45 /* AppDelegate.swift in Sources */,
				639E8B1A2AA5E65200E45D45 /* MOVIE_WATCHLIST.xcdatamodeld in Sources */,
				639E8B472AA6185400E45D45 /* MoviesCollection.swift in Sources */,
				639E8B122AA5E65200E45D45 /* SceneDelegate.swift in Sources */,
			);
			runOnlyForDeploymentPostprocessing = 0;
		};
		639E8B212AA5E65300E45D45 /* Sources */ = {
			isa = PBXSourcesBuildPhase;
			buildActionMask = 2147483647;
			files = (
				639E8B2A2AA5E65300E45D45 /* MOVIE_WATCHLISTTests.swift in Sources */,
			);
			runOnlyForDeploymentPostprocessing = 0;
		};
		639E8B2B2AA5E65300E45D45 /* Sources */ = {
			isa = PBXSourcesBuildPhase;
			buildActionMask = 2147483647;
			files = (
				639E8B342AA5E65300E45D45 /* MOVIE_WATCHLISTUITests.swift in Sources */,
				639E8B362AA5E65300E45D45 /* MOVIE_WATCHLISTUITestsLaunchTests.swift in Sources */,
			);
			runOnlyForDeploymentPostprocessing = 0;
		};
/* End PBXSourcesBuildPhase section */

/* Begin PBXTargetDependency section */
		639E8B272AA5E65300E45D45 /* PBXTargetDependency */ = {
			isa = PBXTargetDependency;
			target = 639E8B0B2AA5E65200E45D45 /* MOVIE WATCHLIST */;
			targetProxy = 639E8B262AA5E65300E45D45 /* PBXContainerItemProxy */;
		};
		639E8B312AA5E65300E45D45 /* PBXTargetDependency */ = {
			isa = PBXTargetDependency;
			target = 639E8B0B2AA5E65200E45D45 /* MOVIE WATCHLIST */;
			targetProxy = 639E8B302AA5E65300E45D45 /* PBXContainerItemProxy */;
		};
/* End PBXTargetDependency section */

/* Begin PBXVariantGroup section */
		639E8B152AA5E65200E45D45 /* Main.storyboard */ = {
			isa = PBXVariantGroup;
			children = (
				639E8B162AA5E65200E45D45 /* Base */,
			);
			name = Main.storyboard;
			sourceTree = "<group>";
		};
		639E8B1D2AA5E65300E45D45 /* LaunchScreen.storyboard */ = {
			isa = PBXVariantGroup;
			children = (
				639E8B1E2AA5E65300E45D45 /* Base */,
			);
			name = LaunchScreen.storyboard;
			sourceTree = "<group>";
		};
/* End PBXVariantGroup section */

/* Begin XCBuildConfiguration section */
		639E8B372AA5E65300E45D45 /* Debug */ = {
			isa = XCBuildConfiguration;
			buildSettings = {
				ALWAYS_SEARCH_USER_PATHS = NO;
				CLANG_ANALYZER_NONNULL = YES;
				CLANG_ANALYZER_NUMBER_OBJECT_CONVERSION = YES_AGGRESSIVE;
				CLANG_CXX_LANGUAGE_STANDARD = "gnu++20";
				CLANG_ENABLE_MODULES = YES;
				CLANG_ENABLE_OBJC_ARC = YES;
				CLANG_ENABLE_OBJC_WEAK = YES;
				CLANG_WARN_BLOCK_CAPTURE_AUTORELEASING = YES;
				CLANG_WARN_BOOL_CONVERSION = YES;
				CLANG_WARN_COMMA = YES;
				CLANG_WARN_CONSTANT_CONVERSION = YES;
				CLANG_WARN_DEPRECATED_OBJC_IMPLEMENTATIONS = YES;
				CLANG_WARN_DIRECT_OBJC_ISA_USAGE = YES_ERROR;
				CLANG_WARN_DOCUMENTATION_COMMENTS = YES;
				CLANG_WARN_EMPTY_BODY = YES;
				CLANG_WARN_ENUM_CONVERSION = YES;
				CLANG_WARN_INFINITE_RECURSION = YES;
				CLANG_WARN_INT_CONVERSION = YES;
				CLANG_WARN_NON_LITERAL_NULL_CONVERSION = YES;
				CLANG_WARN_OBJC_IMPLICIT_RETAIN_SELF = YES;
				CLANG_WARN_OBJC_LITERAL_CONVERSION = YES;
				CLANG_WARN_OBJC_ROOT_CLASS = YES_ERROR;
				CLANG_WARN_QUOTED_INCLUDE_IN_FRAMEWORK_HEADER = YES;
				CLANG_WARN_RANGE_LOOP_ANALYSIS = YES;
				CLANG_WARN_STRICT_PROTOTYPES = YES;
				CLANG_WARN_SUSPICIOUS_MOVE = YES;
				CLANG_WARN_UNGUARDED_AVAILABILITY = YES_AGGRESSIVE;
				CLANG_WARN_UNREACHABLE_CODE = YES;
				CLANG_WARN__DUPLICATE_METHOD_MATCH = YES;
				COPY_PHASE_STRIP = NO;
				DEBUG_INFORMATION_FORMAT = dwarf;
				ENABLE_STRICT_OBJC_MSGSEND = YES;
				ENABLE_TESTABILITY = YES;
				GCC_C_LANGUAGE_STANDARD = gnu11;
				GCC_DYNAMIC_NO_PIC = NO;
				GCC_NO_COMMON_BLOCKS = YES;
				GCC_OPTIMIZATION_LEVEL = 0;
				GCC_PREPROCESSOR_DEFINITIONS = (
					"DEBUG=1",
					"$(inherited)",
				);
				GCC_WARN_64_TO_32_BIT_CONVERSION = YES;
				GCC_WARN_ABOUT_RETURN_TYPE = YES_ERROR;
				GCC_WARN_UNDECLARED_SELECTOR = YES;
				GCC_WARN_UNINITIALIZED_AUTOS = YES_AGGRESSIVE;
				GCC_WARN_UNUSED_FUNCTION = YES;
				GCC_WARN_UNUSED_VARIABLE = YES;
				IPHONEOS_DEPLOYMENT_TARGET = 16.4;
				MTL_ENABLE_DEBUG_INFO = INCLUDE_SOURCE;
				MTL_FAST_MATH = YES;
				ONLY_ACTIVE_ARCH = YES;
				SDKROOT = iphoneos;
				SWIFT_ACTIVE_COMPILATION_CONDITIONS = DEBUG;
				SWIFT_OPTIMIZATION_LEVEL = "-Onone";
			};
			name = Debug;
		};
		639E8B382AA5E65300E45D45 /* Release */ = {
			isa = XCBuildConfiguration;
			buildSettings = {
				ALWAYS_SEARCH_USER_PATHS = NO;
				CLANG_ANALYZER_NONNULL = YES;
				CLANG_ANALYZER_NUMBER_OBJECT_CONVERSION = YES_AGGRESSIVE;
				CLANG_CXX_LANGUAGE_STANDARD = "gnu++20";
				CLANG_ENABLE_MODULES = YES;
				CLANG_ENABLE_OBJC_ARC = YES;
				CLANG_ENABLE_OBJC_WEAK = YES;
				CLANG_WARN_BLOCK_CAPTURE_AUTORELEASING = YES;
				CLANG_WARN_BOOL_CONVERSION = YES;
				CLANG_WARN_COMMA = YES;
				CLANG_WARN_CONSTANT_CONVERSION = YES;
				CLANG_WARN_DEPRECATED_OBJC_IMPLEMENTATIONS = YES;
				CLANG_WARN_DIRECT_OBJC_ISA_USAGE = YES_ERROR;
				CLANG_WARN_DOCUMENTATION_COMMENTS = YES;
				CLANG_WARN_EMPTY_BODY = YES;
				CLANG_WARN_ENUM_CONVERSION = YES;
				CLANG_WARN_INFINITE_RECURSION = YES;
				CLANG_WARN_INT_CONVERSION = YES;
				CLANG_WARN_NON_LITERAL_NULL_CONVERSION = YES;
				CLANG_WARN_OBJC_IMPLICIT_RETAIN_SELF = YES;
				CLANG_WARN_OBJC_LITERAL_CONVERSION = YES;
				CLANG_WARN_OBJC_ROOT_CLASS = YES_ERROR;
				CLANG_WARN_QUOTED_INCLUDE_IN_FRAMEWORK_HEADER = YES;
				CLANG_WARN_RANGE_LOOP_ANALYSIS = YES;
				CLANG_WARN_STRICT_PROTOTYPES = YES;
				CLANG_WARN_SUSPICIOUS_MOVE = YES;
				CLANG_WARN_UNGUARDED_AVAILABILITY = YES_AGGRESSIVE;
				CLANG_WARN_UNREACHABLE_CODE = YES;
				CLANG_WARN__DUPLICATE_METHOD_MATCH = YES;
				COPY_PHASE_STRIP = NO;
				DEBUG_INFORMATION_FORMAT = "dwarf-with-dsym";
				ENABLE_NS_ASSERTIONS = NO;
				ENABLE_STRICT_OBJC_MSGSEND = YES;
				GCC_C_LANGUAGE_STANDARD = gnu11;
				GCC_NO_COMMON_BLOCKS = YES;
				GCC_WARN_64_TO_32_BIT_CONVERSION = YES;
				GCC_WARN_ABOUT_RETURN_TYPE = YES_ERROR;
				GCC_WARN_UNDECLARED_SELECTOR = YES;
				GCC_WARN_UNINITIALIZED_AUTOS = YES_AGGRESSIVE;
				GCC_WARN_UNUSED_FUNCTION = YES;
				GCC_WARN_UNUSED_VARIABLE = YES;
				IPHONEOS_DEPLOYMENT_TARGET = 16.4;
				MTL_ENABLE_DEBUG_INFO = NO;
				MTL_FAST_MATH = YES;
				SDKROOT = iphoneos;
				SWIFT_COMPILATION_MODE = wholemodule;
				SWIFT_OPTIMIZATION_LEVEL = "-O";
				VALIDATE_PRODUCT = YES;
			};
			name = Release;
		};
		639E8B3A2AA5E65300E45D45 /* Debug */ = {
			isa = XCBuildConfiguration;
			buildSettings = {
				ASSETCATALOG_COMPILER_APPICON_NAME = AppIcon;
				ASSETCATALOG_COMPILER_GLOBAL_ACCENT_COLOR_NAME = AccentColor;
				CODE_SIGN_STYLE = Automatic;
				CURRENT_PROJECT_VERSION = 1;
				DEVELOPMENT_TEAM = 7RN7MMGBVG;
				GENERATE_INFOPLIST_FILE = YES;
				INFOPLIST_FILE = "MOVIE WATCHLIST/Info.plist";
				INFOPLIST_KEY_UIApplicationSupportsIndirectInputEvents = YES;
				INFOPLIST_KEY_UILaunchStoryboardName = LaunchScreen;
				INFOPLIST_KEY_UIMainStoryboardFile = Main;
				INFOPLIST_KEY_UISupportedInterfaceOrientations_iPad = "UIInterfaceOrientationPortrait UIInterfaceOrientationPortraitUpsideDown UIInterfaceOrientationLandscapeLeft UIInterfaceOrientationLandscapeRight";
				INFOPLIST_KEY_UISupportedInterfaceOrientations_iPhone = "UIInterfaceOrientationPortrait UIInterfaceOrientationLandscapeLeft UIInterfaceOrientationLandscapeRight";
				LD_RUNPATH_SEARCH_PATHS = (
					"$(inherited)",
					"@executable_path/Frameworks",
				);
				MARKETING_VERSION = 1.0;
				PRODUCT_BUNDLE_IDENTIFIER = "jarvis.MOVIE-WATCHLIST";
				PRODUCT_NAME = "$(TARGET_NAME)";
				SWIFT_EMIT_LOC_STRINGS = YES;
				SWIFT_VERSION = 5.0;
				TARGETED_DEVICE_FAMILY = "1,2";
			};
			name = Debug;
		};
		639E8B3B2AA5E65300E45D45 /* Release */ = {
			isa = XCBuildConfiguration;
			buildSettings = {
				ASSETCATALOG_COMPILER_APPICON_NAME = AppIcon;
				ASSETCATALOG_COMPILER_GLOBAL_ACCENT_COLOR_NAME = AccentColor;
				CODE_SIGN_STYLE = Automatic;
				CURRENT_PROJECT_VERSION = 1;
				DEVELOPMENT_TEAM = 7RN7MMGBVG;
				GENERATE_INFOPLIST_FILE = YES;
				INFOPLIST_FILE = "MOVIE WATCHLIST/Info.plist";
				INFOPLIST_KEY_UIApplicationSupportsIndirectInputEvents = YES;
				INFOPLIST_KEY_UILaunchStoryboardName = LaunchScreen;
				INFOPLIST_KEY_UIMainStoryboardFile = Main;
				INFOPLIST_KEY_UISupportedInterfaceOrientations_iPad = "UIInterfaceOrientationPortrait UIInterfaceOrientationPortraitUpsideDown UIInterfaceOrientationLandscapeLeft UIInterfaceOrientationLandscapeRight";
				INFOPLIST_KEY_UISupportedInterfaceOrientations_iPhone = "UIInterfaceOrientationPortrait UIInterfaceOrientationLandscapeLeft UIInterfaceOrientationLandscapeRight";
				LD_RUNPATH_SEARCH_PATHS = (
					"$(inherited)",
					"@executable_path/Frameworks",
				);
				MARKETING_VERSION = 1.0;
				PRODUCT_BUNDLE_IDENTIFIER = "jarvis.MOVIE-WATCHLIST";
				PRODUCT_NAME = "$(TARGET_NAME)";
				SWIFT_EMIT_LOC_STRINGS = YES;
				SWIFT_VERSION = 5.0;
				TARGETED_DEVICE_FAMILY = "1,2";
			};
			name = Release;
		};
		639E8B3D2AA5E65300E45D45 /* Debug */ = {
			isa = XCBuildConfiguration;
			buildSettings = {
				ALWAYS_EMBED_SWIFT_STANDARD_LIBRARIES = YES;
				BUNDLE_LOADER = "$(TEST_HOST)";
				CODE_SIGN_STYLE = Automatic;
				CURRENT_PROJECT_VERSION = 1;
				GENERATE_INFOPLIST_FILE = YES;
				IPHONEOS_DEPLOYMENT_TARGET = 16.4;
				MARKETING_VERSION = 1.0;
				PRODUCT_BUNDLE_IDENTIFIER = "jarvis.MOVIE-WATCHLISTTests";
				PRODUCT_NAME = "$(TARGET_NAME)";
				SWIFT_EMIT_LOC_STRINGS = NO;
				SWIFT_VERSION = 5.0;
				TARGETED_DEVICE_FAMILY = "1,2";
				TEST_HOST = "$(BUILT_PRODUCTS_DIR)/MOVIE WATCHLIST.app/$(BUNDLE_EXECUTABLE_FOLDER_PATH)/MOVIE WATCHLIST";
			};
			name = Debug;
		};
		639E8B3E2AA5E65300E45D45 /* Release */ = {
			isa = XCBuildConfiguration;
			buildSettings = {
				ALWAYS_EMBED_SWIFT_STANDARD_LIBRARIES = YES;
				BUNDLE_LOADER = "$(TEST_HOST)";
				CODE_SIGN_STYLE = Automatic;
				CURRENT_PROJECT_VERSION = 1;
				GENERATE_INFOPLIST_FILE = YES;
				IPHONEOS_DEPLOYMENT_TARGET = 16.4;
				MARKETING_VERSION = 1.0;
				PRODUCT_BUNDLE_IDENTIFIER = "jarvis.MOVIE-WATCHLISTTests";
				PRODUCT_NAME = "$(TARGET_NAME)";
				SWIFT_EMIT_LOC_STRINGS = NO;
				SWIFT_VERSION = 5.0;
				TARGETED_DEVICE_FAMILY = "1,2";
				TEST_HOST = "$(BUILT_PRODUCTS_DIR)/MOVIE WATCHLIST.app/$(BUNDLE_EXECUTABLE_FOLDER_PATH)/MOVIE WATCHLIST";
			};
			name = Release;
		};
		639E8B402AA5E65300E45D45 /* Debug */ = {
			isa = XCBuildConfiguration;
			buildSettings = {
				ALWAYS_EMBED_SWIFT_STANDARD_LIBRARIES = YES;
				CODE_SIGN_STYLE = Automatic;
				CURRENT_PROJECT_VERSION = 1;
				GENERATE_INFOPLIST_FILE = YES;
				MARKETING_VERSION = 1.0;
				PRODUCT_BUNDLE_IDENTIFIER = "jarvis.MOVIE-WATCHLISTUITests";
				PRODUCT_NAME = "$(TARGET_NAME)";
				SWIFT_EMIT_LOC_STRINGS = NO;
				SWIFT_VERSION = 5.0;
				TARGETED_DEVICE_FAMILY = "1,2";
				TEST_TARGET_NAME = "MOVIE WATCHLIST";
			};
			name = Debug;
		};
		639E8B412AA5E65300E45D45 /* Release */ = {
			isa = XCBuildConfiguration;
			buildSettings = {
				ALWAYS_EMBED_SWIFT_STANDARD_LIBRARIES = YES;
				CODE_SIGN_STYLE = Automatic;
				CURRENT_PROJECT_VERSION = 1;
				GENERATE_INFOPLIST_FILE = YES;
				MARKETING_VERSION = 1.0;
				PRODUCT_BUNDLE_IDENTIFIER = "jarvis.MOVIE-WATCHLISTUITests";
				PRODUCT_NAME = "$(TARGET_NAME)";
				SWIFT_EMIT_LOC_STRINGS = NO;
				SWIFT_VERSION = 5.0;
				TARGETED_DEVICE_FAMILY = "1,2";
				TEST_TARGET_NAME = "MOVIE WATCHLIST";
			};
			name = Release;
		};
/* End XCBuildConfiguration section */

/* Begin XCConfigurationList section */
		639E8B072AA5E65200E45D45 /* Build configuration list for PBXProject "MOVIE WATCHLIST" */ = {
			isa = XCConfigurationList;
			buildConfigurations = (
				639E8B372AA5E65300E45D45 /* Debug */,
				639E8B382AA5E65300E45D45 /* Release */,
			);
			defaultConfigurationIsVisible = 0;
			defaultConfigurationName = Release;
		};
		639E8B392AA5E65300E45D45 /* Build configuration list for PBXNativeTarget "MOVIE WATCHLIST" */ = {
			isa = XCConfigurationList;
			buildConfigurations = (
				639E8B3A2AA5E65300E45D45 /* Debug */,
				639E8B3B2AA5E65300E45D45 /* Release */,
			);
			defaultConfigurationIsVisible = 0;
			defaultConfigurationName = Release;
		};
		639E8B3C2AA5E65300E45D45 /* Build configuration list for PBXNativeTarget "MOVIE WATCHLISTTests" */ = {
			isa = XCConfigurationList;
			buildConfigurations = (
				639E8B3D2AA5E65300E45D45 /* Debug */,
				639E8B3E2AA5E65300E45D45 /* Release */,
			);
			defaultConfigurationIsVisible = 0;
			defaultConfigurationName = Release;
		};
		639E8B3F2AA5E65300E45D45 /* Build configuration list for PBXNativeTarget "MOVIE WATCHLISTUITests" */ = {
			isa = XCConfigurationList;
			buildConfigurations = (
				639E8B402AA5E65300E45D45 /* Debug */,
				639E8B412AA5E65300E45D45 /* Release */,
			);
			defaultConfigurationIsVisible = 0;
			defaultConfigurationName = Release;
		};
/* End XCConfigurationList section */

/* Begin XCVersionGroup section */
		639E8B182AA5E65200E45D45 /* MOVIE_WATCHLIST.xcdatamodeld */ = {
			isa = XCVersionGroup;
			children = (
				639E8B192AA5E65200E45D45 /* MOVIE_WATCHLIST.xcdatamodel */,
			);
			currentVersion = 639E8B192AA5E65200E45D45 /* MOVIE_WATCHLIST.xcdatamodel */;
			path = MOVIE_WATCHLIST.xcdatamodeld;
			sourceTree = "<group>";
			versionGroupType = wrapper.xcdatamodel;
		};
/* End XCVersionGroup section */
	};
	rootObject = 639E8B042AA5E65200E45D45 /* Project object */;
}
